
Microsoft Visual Studio Solution File, Format Version 12.00
# Visual Studio 15
VisualStudioVersion = 15.0.27428.2005
MinimumVisualStudioVersion = 10.0.40219.1
Project("{FAE04EC0-301F-11D3-BF4B-00C04F79EFBC}") = "Domain", "Domain\Domain.csproj", "{9C1AA177-47EB-474F-A57B-784E92EAA778}"
EndProject
Project("{FAE04EC0-301F-11D3-BF4B-00C04F79EFBC}") = "Infrastructure", "Infrastructure\Infrastructure.csproj", "{F435A6DD-4C95-447A-ACA2-516D9ABDAEC2}"
EndProject
Global
	GlobalSection(SolutionConfigurationPlatforms) = preSolution
		Debug|Any CPU = Debug|Any CPU
		Release|Any CPU = Release|Any CPU
	EndGlobalSection
	GlobalSection(ProjectConfigurationPlatforms) = postSolution
		{9C1AA177-47EB-474F-A57B-784E92EAA778}.Debug|Any CPU.ActiveCfg = Debug|Any CPU
		{9C1AA177-47EB-474F-A57B-784E92EAA778}.Debug|Any CPU.Build.0 = Debug|Any CPU
		{9C1AA177-47EB-474F-A57B-784E92EAA778}.Release|Any CPU.ActiveCfg = Release|Any CPU
		{9C1AA177-47EB-474F-A57B-784E92EAA778}.Release|Any CPU.Build.0 = Release|Any CPU
		{F435A6DD-4C95-447A-ACA2-516D9ABDAEC2}.Debug|Any CPU.ActiveCfg = Debug|Any CPU
		{F435A6DD-4C95-447A-ACA2-516D9ABDAEC2}.Debug|Any CPU.Build.0 = Debug|Any CPU
		{F435A6DD-4C95-447A-ACA2-516D9ABDAEC2}.Release|Any CPU.ActiveCfg = Release|Any CPU
		{F435A6DD-4C95-447A-ACA2-516D9ABDAEC2}.Release|Any CPU.Build.0 = Release|Any CPU
	EndGlobalSection
	GlobalSection(SolutionProperties) = preSolution
		HideSolutionNode = FALSE
	EndGlobalSection
	GlobalSection(ExtensibilityGlobals) = postSolution
		SolutionGuid = {5B233796-7DB7-4386-9231-AC06C68103BC}
	EndGlobalSection
EndGlobal
